
Microsoft Visual Studio Solution File, Format Version 12.00
# Visual Studio Version 17
VisualStudioVersion = 17.0.31903.59
MinimumVisualStudioVersion = 10.0.40219.1
Project("{2150E333-8FDC-42A3-9474-1A3956D46DE8}") = "backend", "backend", "{9FB33F11-BE27-40A1-81E9-8B8D789404EC}"
EndProject
Project("{2150E333-8FDC-42A3-9474-1A3956D46DE8}") = "src", "src", "{413B2486-B12C-4BD3-A70E-18708D697EF7}"
EndProject
Project("{FAE04EC0-301F-11D3-BF4B-00C04F79EFBC}") = "Api", "backend\src\Api\Api.csproj", "{9B1E0EFD-506E-4A5A-B7FB-A2C65B4C5EA8}"
EndProject
Project("{FAE04EC0-301F-11D3-BF4B-00C04F79EFBC}") = "Application", "backend\src\Application\Application.csproj", "{6B9D1CC8-149D-4DB3-994A-4E8E73A776EA}"
EndProject
Project("{FAE04EC0-301F-11D3-BF4B-00C04F79EFBC}") = "Domain", "backend\src\Domain\Domain.csproj", "{50EE59E1-D3E2-46B4-9121-61F53C6009C7}"
EndProject
Project("{FAE04EC0-301F-11D3-BF4B-00C04F79EFBC}") = "Infrastructure", "backend\src\Infrastructure\Infrastructure.csproj", "{9D64A692-6255-4D4A-9761-2F839DC45DEF}"
EndProject
Project("{FAE04EC0-301F-11D3-BF4B-00C04F79EFBC}") = "Worker", "backend\src\Worker\Worker.csproj", "{099033F2-05BA-4263-ADDB-A0BD1A4E8B91}"
EndProject
Project("{2150E333-8FDC-42A3-9474-1A3956D46DE8}") = "tests", "tests", "{6A875B14-65FD-4092-9457-9F59A02C64F6}"
EndProject
Project("{FAE04EC0-301F-11D3-BF4B-00C04F79EFBC}") = "Application.Tests", "backend\tests\Application.Tests\Application.Tests.csproj", "{EDBF3CC4-B6F8-4579-87B3-886E91E958B1}"
EndProject
Global
	GlobalSection(SolutionConfigurationPlatforms) = preSolution
		Debug|Any CPU = Debug|Any CPU
		Release|Any CPU = Release|Any CPU
	EndGlobalSection
	GlobalSection(SolutionProperties) = preSolution
		HideSolutionNode = FALSE
	EndGlobalSection
	GlobalSection(ProjectConfigurationPlatforms) = postSolution
		{9B1E0EFD-506E-4A5A-B7FB-A2C65B4C5EA8}.Debug|Any CPU.ActiveCfg = Debug|Any CPU
		{9B1E0EFD-506E-4A5A-B7FB-A2C65B4C5EA8}.Debug|Any CPU.Build.0 = Debug|Any CPU
		{9B1E0EFD-506E-4A5A-B7FB-A2C65B4C5EA8}.Release|Any CPU.ActiveCfg = Release|Any CPU
		{9B1E0EFD-506E-4A5A-B7FB-A2C65B4C5EA8}.Release|Any CPU.Build.0 = Release|Any CPU
		{6B9D1CC8-149D-4DB3-994A-4E8E73A776EA}.Debug|Any CPU.ActiveCfg = Debug|Any CPU
		{6B9D1CC8-149D-4DB3-994A-4E8E73A776EA}.Debug|Any CPU.Build.0 = Debug|Any CPU
		{6B9D1CC8-149D-4DB3-994A-4E8E73A776EA}.Release|Any CPU.ActiveCfg = Release|Any CPU
		{6B9D1CC8-149D-4DB3-994A-4E8E73A776EA}.Release|Any CPU.Build.0 = Release|Any CPU
		{50EE59E1-D3E2-46B4-9121-61F53C6009C7}.Debug|Any CPU.ActiveCfg = Debug|Any CPU
		{50EE59E1-D3E2-46B4-9121-61F53C6009C7}.Debug|Any CPU.Build.0 = Debug|Any CPU
		{50EE59E1-D3E2-46B4-9121-61F53C6009C7}.Release|Any CPU.ActiveCfg = Release|Any CPU
		{50EE59E1-D3E2-46B4-9121-61F53C6009C7}.Release|Any CPU.Build.0 = Release|Any CPU
		{9D64A692-6255-4D4A-9761-2F839DC45DEF}.Debug|Any CPU.ActiveCfg = Debug|Any CPU
		{9D64A692-6255-4D4A-9761-2F839DC45DEF}.Debug|Any CPU.Build.0 = Debug|Any CPU
		{9D64A692-6255-4D4A-9761-2F839DC45DEF}.Release|Any CPU.ActiveCfg = Release|Any CPU
		{9D64A692-6255-4D4A-9761-2F839DC45DEF}.Release|Any CPU.Build.0 = Release|Any CPU
		{099033F2-05BA-4263-ADDB-A0BD1A4E8B91}.Debug|Any CPU.ActiveCfg = Debug|Any CPU
		{099033F2-05BA-4263-ADDB-A0BD1A4E8B91}.Debug|Any CPU.Build.0 = Debug|Any CPU
		{099033F2-05BA-4263-ADDB-A0BD1A4E8B91}.Release|Any CPU.ActiveCfg = Release|Any CPU
		{099033F2-05BA-4263-ADDB-A0BD1A4E8B91}.Release|Any CPU.Build.0 = Release|Any CPU
		{EDBF3CC4-B6F8-4579-87B3-886E91E958B1}.Debug|Any CPU.ActiveCfg = Debug|Any CPU
		{EDBF3CC4-B6F8-4579-87B3-886E91E958B1}.Debug|Any CPU.Build.0 = Debug|Any CPU
		{EDBF3CC4-B6F8-4579-87B3-886E91E958B1}.Release|Any CPU.ActiveCfg = Release|Any CPU
		{EDBF3CC4-B6F8-4579-87B3-886E91E958B1}.Release|Any CPU.Build.0 = Release|Any CPU
	EndGlobalSection
	GlobalSection(NestedProjects) = preSolution
		{413B2486-B12C-4BD3-A70E-18708D697EF7} = {9FB33F11-BE27-40A1-81E9-8B8D789404EC}
		{9B1E0EFD-506E-4A5A-B7FB-A2C65B4C5EA8} = {413B2486-B12C-4BD3-A70E-18708D697EF7}
		{6B9D1CC8-149D-4DB3-994A-4E8E73A776EA} = {413B2486-B12C-4BD3-A70E-18708D697EF7}
		{50EE59E1-D3E2-46B4-9121-61F53C6009C7} = {413B2486-B12C-4BD3-A70E-18708D697EF7}
		{9D64A692-6255-4D4A-9761-2F839DC45DEF} = {413B2486-B12C-4BD3-A70E-18708D697EF7}
		{099033F2-05BA-4263-ADDB-A0BD1A4E8B91} = {413B2486-B12C-4BD3-A70E-18708D697EF7}
		{6A875B14-65FD-4092-9457-9F59A02C64F6} = {9FB33F11-BE27-40A1-81E9-8B8D789404EC}
		{EDBF3CC4-B6F8-4579-87B3-886E91E958B1} = {6A875B14-65FD-4092-9457-9F59A02C64F6}
	EndGlobalSection
EndGlobal
